
Microsoft Visual Studio Solution File, Format Version 12.00
# Visual Studio Version 17
VisualStudioVersion = 17.11.35327.3
MinimumVisualStudioVersion = 10.0.40219.1
Project("{8BC9CEB8-8B4A-11D0-8D11-00A0C91BC942}") = "算法学习", "算法学习\算法学习.vcxproj", "{C5431DF6-156C-434F-ABD2-E92D25B1F80C}"
EndProject
Global
	GlobalSection(SolutionConfigurationPlatforms) = preSolution
		Debug|x64 = Debug|x64
		Debug|x86 = Debug|x86
		Release|x64 = Release|x64
		Release|x86 = Release|x86
	EndGlobalSection
	GlobalSection(ProjectConfigurationPlatforms) = postSolution
		{C5431DF6-156C-434F-ABD2-E92D25B1F80C}.Debug|x64.ActiveCfg = Debug|x64
		{C5431DF6-156C-434F-ABD2-E92D25B1F80C}.Debug|x64.Build.0 = Debug|x64
		{C5431DF6-156C-434F-ABD2-E92D25B1F80C}.Debug|x86.ActiveCfg = Debug|Win32
		{C5431DF6-156C-434F-ABD2-E92D25B1F80C}.Debug|x86.Build.0 = Debug|Win32
		{C5431DF6-156C-434F-ABD2-E92D25B1F80C}.Release|x64.ActiveCfg = Release|x64
		{C5431DF6-156C-434F-ABD2-E92D25B1F80C}.Release|x64.Build.0 = Release|x64
		{C5431DF6-156C-434F-ABD2-E92D25B1F80C}.Release|x86.ActiveCfg = Release|Win32
		{C5431DF6-156C-434F-ABD2-E92D25B1F80C}.Release|x86.Build.0 = Release|Win32
	EndGlobalSection
	GlobalSection(SolutionProperties) = preSolution
		HideSolutionNode = FALSE
	EndGlobalSection
	GlobalSection(ExtensibilityGlobals) = postSolution
		SolutionGuid = {2A481610-DCE7-42C5-A8E2-D75387581DD0}
	EndGlobalSection
EndGlobal
